Microsoft Visual Studio Solution File, Format Version 12.00
# Visual Studio Version 17
VisualStudioVersion = 17.5.2.0
MinimumVisualStudioVersion = 10.0.40219.1
Project("{FAE04EC0-301F-11D3-BF4B-00C04F79EFBC}") = "fundamentals.csharp.dotnet.api", "fundamentals.csharp.dotnet.api\fundamentals.csharp.dotnet.api.csproj", "{DE780F53-9801-E140-5CD0-2E8F2648E003}"
EndProject
Global
	GlobalSection(SolutionConfigurationPlatforms) = preSolution
		Debug|Any CPU = Debug|Any CPU
		Release|Any CPU = Release|Any CPU
	EndGlobalSection
	GlobalSection(ProjectConfigurationPlatforms) = postSolution
		{DE780F53-9801-E140-5CD0-2E8F2648E003}.Debug|Any CPU.ActiveCfg = Debug|Any CPU
		{DE780F53-9801-E140-5CD0-2E8F2648E003}.Debug|Any CPU.Build.0 = Debug|Any CPU
		{DE780F53-9801-E140-5CD0-2E8F2648E003}.Release|Any CPU.ActiveCfg = Release|Any CPU
		{DE780F53-9801-E140-5CD0-2E8F2648E003}.Release|Any CPU.Build.0 = Release|Any CPU
	EndGlobalSection
	GlobalSection(SolutionProperties) = preSolution
		HideSolutionNode = FALSE
	EndGlobalSection
	GlobalSection(ExtensibilityGlobals) = postSolution
		SolutionGuid = {7ABF585A-DC24-49D1-8688-2EC388E3F356}
	EndGlobalSection
EndGlobal
